
Microsoft Visual Studio Solution File, Format Version 12.00
# Visual Studio 2013
VisualStudioVersion = 12.0.31101.0
MinimumVisualStudioVersion = 10.0.40219.1
Project("{FAE04EC0-301F-11D3-BF4B-00C04F79EFBC}") = "UPS Manager", "UPS Manager\UPS Manager.csproj", "{DBD5A54F-6EA2-4F02-AAF7-55FCA0B42B10}"
EndProject
Project("{FAE04EC0-301F-11D3-BF4B-00C04F79EFBC}") = "IconCalcPS", "IconCalcPS\IconCalcPS.csproj", "{6A8EA5BD-DB27-4889-A87E-8181170D0A53}"
EndProject
Global
	GlobalSection(TeamFoundationVersionControl) = preSolution
		SccNumberOfProjects = 3
		SccEnterpriseProvider = {4CA58AB2-18FA-4F8D-95D4-32DDF27D184C}
		SccTeamFoundationServer = https://koutsoskk.visualstudio.com/defaultcollection
		SccLocalPath0 = .
		SccProjectUniqueName1 = IconCalcPS\\IconCalcPS.csproj
		SccProjectName1 = IconCalcPS
		SccLocalPath1 = IconCalcPS
		SccProjectUniqueName2 = UPS\u0020Manager\\UPS\u0020Manager.csproj
		SccProjectName2 = UPS\u0020Manager
		SccLocalPath2 = UPS\u0020Manager
	EndGlobalSection
	GlobalSection(SolutionConfigurationPlatforms) = preSolution
		Debug|Any CPU = Debug|Any CPU
		Debug|Mixed Platforms = Debug|Mixed Platforms
		Debug|x86 = Debug|x86
		Release|Any CPU = Release|Any CPU
		Release|Mixed Platforms = Release|Mixed Platforms
		Release|x86 = Release|x86
	EndGlobalSection
	GlobalSection(ProjectConfigurationPlatforms) = postSolution
		{DBD5A54F-6EA2-4F02-AAF7-55FCA0B42B10}.Debug|Any CPU.ActiveCfg = Debug|x86
		{DBD5A54F-6EA2-4F02-AAF7-55FCA0B42B10}.Debug|Mixed Platforms.ActiveCfg = Debug|x86
		{DBD5A54F-6EA2-4F02-AAF7-55FCA0B42B10}.Debug|Mixed Platforms.Build.0 = Debug|x86
		{DBD5A54F-6EA2-4F02-AAF7-55FCA0B42B10}.Debug|x86.ActiveCfg = Debug|x86
		{DBD5A54F-6EA2-4F02-AAF7-55FCA0B42B10}.Debug|x86.Build.0 = Debug|x86
		{DBD5A54F-6EA2-4F02-AAF7-55FCA0B42B10}.Release|Any CPU.ActiveCfg = Release|x86
		{DBD5A54F-6EA2-4F02-AAF7-55FCA0B42B10}.Release|Mixed Platforms.ActiveCfg = Release|x86
		{DBD5A54F-6EA2-4F02-AAF7-55FCA0B42B10}.Release|Mixed Platforms.Build.0 = Release|x86
		{DBD5A54F-6EA2-4F02-AAF7-55FCA0B42B10}.Release|x86.ActiveCfg = Release|x86
		{DBD5A54F-6EA2-4F02-AAF7-55FCA0B42B10}.Release|x86.Build.0 = Release|x86
		{6A8EA5BD-DB27-4889-A87E-8181170D0A53}.Debug|Any CPU.ActiveCfg = Debug|Any CPU
		{6A8EA5BD-DB27-4889-A87E-8181170D0A53}.Debug|Any CPU.Build.0 = Debug|Any CPU
		{6A8EA5BD-DB27-4889-A87E-8181170D0A53}.Debug|Mixed Platforms.ActiveCfg = Debug|Any CPU
		{6A8EA5BD-DB27-4889-A87E-8181170D0A53}.Debug|Mixed Platforms.Build.0 = Debug|Any CPU
		{6A8EA5BD-DB27-4889-A87E-8181170D0A53}.Debug|x86.ActiveCfg = Debug|Any CPU
		{6A8EA5BD-DB27-4889-A87E-8181170D0A53}.Release|Any CPU.ActiveCfg = Release|Any CPU
		{6A8EA5BD-DB27-4889-A87E-8181170D0A53}.Release|Any CPU.Build.0 = Release|Any CPU
		{6A8EA5BD-DB27-4889-A87E-8181170D0A53}.Release|Mixed Platforms.ActiveCfg = Release|Any CPU
		{6A8EA5BD-DB27-4889-A87E-8181170D0A53}.Release|Mixed Platforms.Build.0 = Release|Any CPU
		{6A8EA5BD-DB27-4889-A87E-8181170D0A53}.Release|x86.ActiveCfg = Release|Any CPU
	EndGlobalSection
	GlobalSection(SolutionProperties) = preSolution
		HideSolutionNode = FALSE
	EndGlobalSection
EndGlobal
